{
  "name": "zlux-builds",
  "version": "1.0.0",
  "lockfileVersion": 3,
  "requires": true,
  "packages": {
    "": {
      "name": "zlux-builds",
      "version": "1.0.0",
      "license": "EPL-2.0",
      "dependencies": {
        "@actions/core": "^1.4.0",
        "debug": "^4.3.2",
        "glob": "^7.1.7",
        "js-yaml": "^4.1.0",
        "semver": "^7.3.5",
        "zowe-common": "zowe-actions/zowe-common"
      }
    },
    "node_modules/@actions/core": {
      "version": "1.6.0",
      "resolved": "https://zowe.jfrog.io/zowe/api/npm/npm-release/@actions/core/-/core-1.6.0.tgz",
      "integrity": "sha1-BWjkcDm/tqkXA5OnPzt+s7IkYss=",
      "dependencies": {
        "@actions/http-client": "^1.0.11"
      }
    },
    "node_modules/@actions/http-client": {
      "version": "1.0.11",
      "resolved": "https://zowe.jfrog.io/zowe/api/npm/npm-release/@actions/http-client/-/http-client-1.0.11.tgz",
      "integrity": "sha1-xYsS6aqLFZ7jnn3Wy9DpHZBWM8A=",
      "dependencies": {
        "tunnel": "0.0.6"
      }
    },
    "node_modules/argparse": {
      "version": "2.0.1",
      "resolved": "https://zowe.jfrog.io/zowe/api/npm/npm-release/argparse/-/argparse-2.0.1.tgz",
      "integrity": "sha1-JG9Q88p4oyQPbJl+ipvR6sSeSzg="
    },
    "node_modules/balanced-match": {
      "version": "1.0.2",
      "resolved": "https://zowe.jfrog.io/zowe/api/npm/npm-release/balanced-match/-/balanced-match-1.0.2.tgz",
      "integrity": "sha1-6D46fj8wCzTLnYf2FfoMvzV2kO4="
    },
    "node_modules/brace-expansion": {
      "version": "1.1.11",
      "resolved": "https://zowe.jfrog.io/zowe/api/npm/npm-release/brace-expansion/-/brace-expansion-1.1.11.tgz",
      "integrity": "sha1-PH/L9SnYcibz0vUrlm/1Jx60Qd0=",
      "dependencies": {
        "balanced-match": "^1.0.0",
        "concat-map": "0.0.1"
      }
    },
    "node_modules/concat-map": {
      "version": "0.0.1",
      "resolved": "https://zowe.jfrog.io/zowe/api/npm/npm-release/concat-map/-/concat-map-0.0.1.tgz",
      "integrity": "sha1-2Klr13/Wjfd5OnMDajug1UBdR3s="
    },
    "node_modules/debug": {
      "version": "4.3.2",
      "resolved": "https://zowe.jfrog.io/zowe/api/npm/npm-release/debug/-/debug-4.3.2.tgz",
      "integrity": "sha1-8KScGKyHeeMdSgxgKd+3aHPHQos=",
      "dependencies": {
        "ms": "2.1.2"
      },
      "engines": {
        "node": ">=6.0"
      },
      "peerDependenciesMeta": {
        "supports-color": {
          "optional": true
        }
      }
    },
    "node_modules/fs.realpath": {
      "version": "1.0.0",
      "resolved": "https://zowe.jfrog.io/zowe/api/npm/npm-release/fs.realpath/-/fs.realpath-1.0.0.tgz",
      "integrity": "sha1-FQStJSMVjKpA20onh8sBQRmU6k8="
    },
    "node_modules/glob": {
      "version": "7.2.0",
      "resolved": "https://zowe.jfrog.io/zowe/api/npm/npm-release/glob/-/glob-7.2.0.tgz",
      "integrity": "sha1-0VU1r3cy4C6Uj0xBYovZECk/YCM=",
      "dependencies": {
        "fs.realpath": "^1.0.0",
        "inflight": "^1.0.4",
        "inherits": "2",
        "minimatch": "^3.0.4",
        "once": "^1.3.0",
        "path-is-absolute": "^1.0.0"
      },
      "engines": {
        "node": "*"
      },
      "funding": {
        "url": "https://github.com/sponsors/isaacs"
      }
    },
    "node_modules/inflight": {
      "version": "1.0.6",
      "resolved": "https://zowe.jfrog.io/zowe/api/npm/npm-release/inflight/-/inflight-1.0.6.tgz",
      "integrity": "sha1-Sb1jMdfQLQwJvJEKEHW6gWW1bfk=",
      "dependencies": {
        "once": "^1.3.0",
        "wrappy": "1"
      }
    },
    "node_modules/inherits": {
      "version": "2.0.4",
      "resolved": "https://zowe.jfrog.io/zowe/api/npm/npm-release/inherits/-/inherits-2.0.4.tgz",
      "integrity": "sha1-D6LGT5MpF8NDOg3tVTY6rjdBa3w="
    },
    "node_modules/js-yaml": {
      "version": "4.1.0",
      "resolved": "https://zowe.jfrog.io/zowe/api/npm/npm-release/js-yaml/-/js-yaml-4.1.0.tgz",
      "integrity": "sha1-wftl+PUBeQHN0slRhkuhhFihBgI=",
      "dependencies": {
        "argparse": "^2.0.1"
      },
      "bin": {
        "js-yaml": "bin/js-yaml.js"
      }
    },
    "node_modules/lru-cache": {
      "version": "6.0.0",
      "resolved": "https://zowe.jfrog.io/zowe/api/npm/npm-release/lru-cache/-/lru-cache-6.0.0.tgz",
      "integrity": "sha1-bW/mVw69lqr5D8rR2vo7JWbbOpQ=",
      "dependencies": {
        "yallist": "^4.0.0"
      },
      "engines": {
        "node": ">=10"
      }
    },
    "node_modules/minimatch": {
      "version": "3.0.4",
      "resolved": "https://zowe.jfrog.io/zowe/api/npm/npm-release/minimatch/-/minimatch-3.0.4.tgz",
      "integrity": "sha1-UWbihkV/AzBgZL5Ul+jbsMPTIIM=",
      "dependencies": {
        "brace-expansion": "^1.1.7"
      },
      "engines": {
        "node": "*"
      }
    },
    "node_modules/ms": {
      "version": "2.1.2",
      "resolved": "https://zowe.jfrog.io/zowe/api/npm/npm-release/ms/-/ms-2.1.2.tgz",
      "integrity": "sha1-0J0fNXtEP0kzgqjrPM0YOHKuYAk="
    },
    "node_modules/once": {
      "version": "1.4.0",
      "resolved": "https://zowe.jfrog.io/zowe/api/npm/npm-release/once/-/once-1.4.0.tgz",
      "integrity": "sha1-WDsap3WWHUsROsF9nFC6753Xa9E=",
      "dependencies": {
        "wrappy": "1"
      }
    },
    "node_modules/path-is-absolute": {
      "version": "1.0.1",
      "resolved": "https://zowe.jfrog.io/zowe/api/npm/npm-release/path-is-absolute/-/path-is-absolute-1.0.1.tgz",
      "integrity": "sha1-F0uSaHNVNP+8es5r9TpanhtcX18=",
      "engines": {
        "node": ">=0.10.0"
      }
    },
    "node_modules/semver": {
      "version": "7.3.5",
      "resolved": "https://zowe.jfrog.io/zowe/api/npm/npm-release/semver/-/semver-7.3.5.tgz",
      "integrity": "sha1-C2Ich5NI2JmOSw5L6Us/EuYBjvc=",
      "dependencies": {
        "lru-cache": "^6.0.0"
      },
      "bin": {
        "semver": "bin/semver.js"
      },
      "engines": {
        "node": ">=10"
      }
    },
    "node_modules/tunnel": {
      "version": "0.0.6",
      "resolved": "https://zowe.jfrog.io/zowe/api/npm/npm-release/tunnel/-/tunnel-0.0.6.tgz",
      "integrity": "sha1-cvExSzSlsZLbASMk3yzFh8pH+Sw=",
      "engines": {
        "node": ">=0.6.11 <=0.7.0 || >=0.7.3"
      }
    },
    "node_modules/wrappy": {
      "version": "1.0.2",
      "resolved": "https://zowe.jfrog.io/zowe/api/npm/npm-release/wrappy/-/wrappy-1.0.2.tgz",
      "integrity": "sha1-tSQ9jz7BqjXxNkYFvA0QNuMKtp8="
    },
    "node_modules/yallist": {
      "version": "4.0.0",
      "resolved": "https://zowe.jfrog.io/zowe/api/npm/npm-release/yallist/-/yallist-4.0.0.tgz",
      "integrity": "sha1-m7knkNnA7/7GO+c1GeEaNQGaOnI="
    },
    "node_modules/zowe-common": {
      "version": "1.1.0",
      "resolved": "git+ssh://git@github.com/zowe-actions/zowe-common.git#b5029a85c1c95f4bab4d3daf03063d10808a83fd",
      "integrity": "sha512-406VhbiTFSDe2angL5p1WWqbkd5pvzPryx0eOwc6Te+Tt/g5qreJuG8w+8BR97WsqvcB3+mBGZX1Vh86zIm8KA==",
      "license": "EPL-2.0",
      "dependencies": {
        "debug": "^4.3.2",
        "semver": "^7.3.5"
      }
    }
  }
}
